
Microsoft Visual Studio Solution File, Format Version 12.00
# Visual Studio Version 17
VisualStudioVersion = 17.9.34728.123
MinimumVisualStudioVersion = 10.0.40219.1
Project("{FAE04EC0-301F-11D3-BF4B-00C04F79EFBC}") = "DesignmönsterLabb1", "DesignmönsterLabb1\DesignmönsterLabb1.csproj", "{D09C29CF-FE10-4CD0-983B-C78D38044492}"
EndProject
Global
	GlobalSection(SolutionConfigurationPlatforms) = preSolution
		Debug|Any CPU = Debug|Any CPU
		Release|Any CPU = Release|Any CPU
	EndGlobalSection
	GlobalSection(ProjectConfigurationPlatforms) = postSolution
		{D09C29CF-FE10-4CD0-983B-C78D38044492}.Debug|Any CPU.ActiveCfg = Debug|Any CPU
		{D09C29CF-FE10-4CD0-983B-C78D38044492}.Debug|Any CPU.Build.0 = Debug|Any CPU
		{D09C29CF-FE10-4CD0-983B-C78D38044492}.Release|Any CPU.ActiveCfg = Release|Any CPU
		{D09C29CF-FE10-4CD0-983B-C78D38044492}.Release|Any CPU.Build.0 = Release|Any CPU
	EndGlobalSection
	GlobalSection(SolutionProperties) = preSolution
		HideSolutionNode = FALSE
	EndGlobalSection
	GlobalSection(ExtensibilityGlobals) = postSolution
		SolutionGuid = {21423FC9-F838-4878-9ACA-E681D549E2A1}
	EndGlobalSection
EndGlobal
